
Microsoft Visual Studio Solution File, Format Version 12.00
# Visual Studio Version 17
VisualStudioVersion = 17.7.34024.191
MinimumVisualStudioVersion = 10.0.40219.1
Project("{9A19103F-16F7-4668-BE54-9A1E7A4F7556}") = "LinguaContext", "LinguaContext\LinguaContext.csproj", "{2310E703-CCFF-4A35-BF3C-90798D6B69BB}"
EndProject
Project("{9A19103F-16F7-4668-BE54-9A1E7A4F7556}") = "LinguaContext.DataAccess", "LinguaContext.DataAccess\LinguaContext.DataAccess.csproj", "{C08A2F97-1131-4D70-A253-ECC279DAAC41}"
EndProject
Project("{9A19103F-16F7-4668-BE54-9A1E7A4F7556}") = "LinguaContext.Models", "LinguaContext.Models\LinguaContext.Models.csproj", "{80F79FAF-DDC3-4A31-9137-AAB71D821E1C}"
EndProject
Project("{FAE04EC0-301F-11D3-BF4B-00C04F79EFBC}") = "LinguaContext.Utility", "LinguaContext.Utility\LinguaContext.Utility.csproj", "{8AE78274-1368-4980-9477-AA9C02D3B046}"
EndProject
Global
	GlobalSection(SolutionConfigurationPlatforms) = preSolution
		Debug|Any CPU = Debug|Any CPU
		Release|Any CPU = Release|Any CPU
	EndGlobalSection
	GlobalSection(ProjectConfigurationPlatforms) = postSolution
		{2310E703-CCFF-4A35-BF3C-90798D6B69BB}.Debug|Any CPU.ActiveCfg = Debug|Any CPU
		{2310E703-CCFF-4A35-BF3C-90798D6B69BB}.Debug|Any CPU.Build.0 = Debug|Any CPU
		{2310E703-CCFF-4A35-BF3C-90798D6B69BB}.Release|Any CPU.ActiveCfg = Release|Any CPU
		{2310E703-CCFF-4A35-BF3C-90798D6B69BB}.Release|Any CPU.Build.0 = Release|Any CPU
		{C08A2F97-1131-4D70-A253-ECC279DAAC41}.Debug|Any CPU.ActiveCfg = Debug|Any CPU
		{C08A2F97-1131-4D70-A253-ECC279DAAC41}.Debug|Any CPU.Build.0 = Debug|Any CPU
		{C08A2F97-1131-4D70-A253-ECC279DAAC41}.Release|Any CPU.ActiveCfg = Release|Any CPU
		{C08A2F97-1131-4D70-A253-ECC279DAAC41}.Release|Any CPU.Build.0 = Release|Any CPU
		{80F79FAF-DDC3-4A31-9137-AAB71D821E1C}.Debug|Any CPU.ActiveCfg = Debug|Any CPU
		{80F79FAF-DDC3-4A31-9137-AAB71D821E1C}.Debug|Any CPU.Build.0 = Debug|Any CPU
		{80F79FAF-DDC3-4A31-9137-AAB71D821E1C}.Release|Any CPU.ActiveCfg = Release|Any CPU
		{80F79FAF-DDC3-4A31-9137-AAB71D821E1C}.Release|Any CPU.Build.0 = Release|Any CPU
		{8AE78274-1368-4980-9477-AA9C02D3B046}.Debug|Any CPU.ActiveCfg = Debug|Any CPU
		{8AE78274-1368-4980-9477-AA9C02D3B046}.Debug|Any CPU.Build.0 = Debug|Any CPU
		{8AE78274-1368-4980-9477-AA9C02D3B046}.Release|Any CPU.ActiveCfg = Release|Any CPU
		{8AE78274-1368-4980-9477-AA9C02D3B046}.Release|Any CPU.Build.0 = Release|Any CPU
	EndGlobalSection
	GlobalSection(SolutionProperties) = preSolution
		HideSolutionNode = FALSE
	EndGlobalSection
	GlobalSection(ExtensibilityGlobals) = postSolution
		SolutionGuid = {DDD90EE1-C812-44E5-B0F1-8032B770F480}
	EndGlobalSection
EndGlobal
